// !$*UTF8*$!
{
	archiveVersion = 1;
	classes = {
	};
	objectVersion = 77;
	objects = {

/* Begin PBXBuildFile section */
		371C0D692FA79883002C9A6D /* StoreKit.framework in Frameworks */ = {isa = PBXBuildFile; fileRef = 371C0D682FA79883002C9A6D /* StoreKit.framework */; };
/* End PBXBuildFile section */

/* Begin PBXContainerItemProxy section */
		371C0D4A2FA796EB002C9A6D /* PBXContainerItemProxy */ = {
			isa = PBXContainerItemProxy;
			containerPortal = 371C0D342FA796E8002C9A6D /* Project object */;
			proxyType = 1;
			remoteGlobalIDString = 371C0D3B2FA796E8002C9A6D;
			remoteInfo = 574;
		};
		371C0D542FA796EB002C9A6D /* PBXContainerItemProxy */ = {
			isa = PBXContainerItemProxy;
			containerPortal = 371C0D342FA796E8002C9A6D /* Project object */;
			proxyType = 1;
			remoteGlobalIDString = 371C0D3B2FA796E8002C9A6D;
			remoteInfo = 574;
		};
/* End PBXContainerItemProxy section */

/* Begin PBXFileReference section */
		371C0D3C2FA796E8002C9A6D /* 574.app */ = {isa = PBXFileReference; explicitFileType = wrapper.application; includeInIndex = 0; path = 574.app; sourceTree = BUILT_PRODUCTS_DIR; };
		371C0D492FA796EB002C9A6D /* 574Tests.xctest */ = {isa = PBXFileReference; explicitFileType = wrapper.cfbundle; includeInIndex = 0; path = 574Tests.xctest; sourceTree = BUILT_PRODUCTS_DIR; };
		371C0D532FA796EB002C9A6D /* 574UITests.xctest */ = {isa = PBXFileReference; explicitFileType = wrapper.cfbundle; includeInIndex = 0; path = 574UITests.xctest; sourceTree = BUILT_PRODUCTS_DIR; };
		371C0D682FA79883002C9A6D /* StoreKit.framework */ = {isa = PBXFileReference; lastKnownFileType = wrapper.framework; name = StoreKit.framework; path = System/Library/Frameworks/StoreKit.framework; sourceTree = SDKROOT; };
/* End PBXFileReference section */

/* Begin PBXFileSystemSynchronizedRootGroup section */
		371C0D3E2FA796E8002C9A6D /* 574 */ = {
			isa = PBXFileSystemSynchronizedRootGroup;
			path = 574;
			sourceTree = "<group>";
		};
		371C0D4C2FA796EB002C9A6D /* 574Tests */ = {
			isa = PBXFileSystemSynchronizedRootGroup;
			path = 574Tests;
			sourceTree = "<group>";
		};
		371C0D562FA796EB002C9A6D /* 574UITests */ = {
			isa = PBXFileSystemSynchronizedRootGroup;
			path = 574UITests;
			sourceTree = "<group>";
		};
/* End PBXFileSystemSynchronizedRootGroup section */

/* Begin PBXFrameworksBuildPhase section */
		371C0D392FA796E8002C9A6D /* Frameworks */ = {
			isa = PBXFrameworksBuildPhase;
			buildActionMask = 2147483647;
			files = (
				371C0D692FA79883002C9A6D /* StoreKit.framework in Frameworks */,
			);
			runOnlyForDeploymentPostprocessing = 0;
		};
		371C0D462FA796EB002C9A6D /* Frameworks */ = {
			isa = PBXFrameworksBuildPhase;
			buildActionMask = 2147483647;
			files = (
			);
			runOnlyForDeploymentPostprocessing = 0;
		};
		371C0D502FA796EB002C9A6D /* Frameworks */ = {
			isa = PBXFrameworksBuildPhase;
			buildActionMask = 2147483647;
			files = (
			);
			runOnlyForDeploymentPostprocessing = 0;
		};
/* End PBXFrameworksBuildPhase section */

/* Begin PBXGroup section */
		371C0D332FA796E8002C9A6D = {
			isa = PBXGroup;
			children = (
				371C0D3E2FA796E8002C9A6D /* 574 */,
				371C0D4C2FA796EB002C9A6D /* 574Tests */,
				371C0D562FA796EB002C9A6D /* 574UITests */,
				371C0D672FA79883002C9A6D /* Frameworks */,
				371C0D3D2FA796E8002C9A6D /* Products */,
			);
			sourceTree = "<group>";
		};
		371C0D3D2FA796E8002C9A6D /* Products */ = {
			isa = PBXGroup;
			children = (
				371C0D3C2FA796E8002C9A6D /* 574.app */,
				371C0D492FA796EB002C9A6D /* 574Tests.xctest */,
				371C0D532FA796EB002C9A6D /* 574UITests.xctest */,
			);
			name = Products;
			sourceTree = "<group>";
		};
		371C0D672FA79883002C9A6D /* Frameworks */ = {
			isa = PBXGroup;
			children = (
				371C0D682FA79883002C9A6D /* StoreKit.framework */,
			);
			name = Frameworks;
			sourceTree = "<group>";
		};
/* End PBXGroup section */

/* Begin PBXNativeTarget section */
		371C0D3B2FA796E8002C9A6D /* 574 */ = {
			isa = PBXNativeTarget;
			buildConfigurationList = 371C0D5D2FA796EB002C9A6D /* Build configuration list for PBXNativeTarget "574" */;
			buildPhases = (
				371C0D382FA796E8002C9A6D /* Sources */,
				371C0D392FA796E8002C9A6D /* Frameworks */,
				371C0D3A2FA796E8002C9A6D /* Resources */,
			);
			buildRules = (
			);
			dependencies = (
			);
			fileSystemSynchronizedGroups = (
				371C0D3E2FA796E8002C9A6D /* 574 */,
			);
			name = 574;
			packageProductDependencies = (
			);
			productName = 574;
			productReference = 371C0D3C2FA796E8002C9A6D /* 574.app */;
			productType = "com.apple.product-type.application";
		};
		371C0D482FA796EB002C9A6D /* 574Tests */ = {
			isa = PBXNativeTarget;
			buildConfigurationList = 371C0D602FA796EB002C9A6D /* Build configuration list for PBXNativeTarget "574Tests" */;
			buildPhases = (
				371C0D452FA796EB002C9A6D /* Sources */,
				371C0D462FA796EB002C9A6D /* Frameworks */,
				371C0D472FA796EB002C9A6D /* Resources */,
			);
			buildRules = (
			);
			dependencies = (
				371C0D4B2FA796EB002C9A6D /* PBXTargetDependency */,
			);
			fileSystemSynchronizedGroups = (
				371C0D4C2FA796EB002C9A6D /* 574Tests */,
			);
			name = 574Tests;
			packageProductDependencies = (
			);
			productName = 574Tests;
			productReference = 371C0D492FA796EB002C9A6D /* 574Tests.xctest */;
			productType = "com.apple.product-type.bundle.unit-test";
		};
		371C0D522FA796EB002C9A6D /* 574UITests */ = {
			isa = PBXNativeTarget;
			buildConfigurationList = 371C0D632FA796EB002C9A6D /* Build configuration list for PBXNativeTarget "574UITests" */;
			buildPhases = (
				371C0D4F2FA796EB002C9A6D /* Sources */,
				371C0D502FA796EB002C9A6D /* Frameworks */,
				371C0D512FA796EB002C9A6D /* Resources */,
			);
			buildRules = (
			);
			dependencies = (
				371C0D552FA796EB002C9A6D /* PBXTargetDependency */,
			);
			fileSystemSynchronizedGroups = (
				371C0D562FA796EB002C9A6D /* 574UITests */,
			);
			name = 574UITests;
			packageProductDependencies = (
			);
			productName = 574UITests;
			productReference = 371C0D532FA796EB002C9A6D /* 574UITests.xctest */;
			productType = "com.apple.product-type.bundle.ui-testing";
		};
/* End PBXNativeTarget section */

/* Begin PBXProject section */
		371C0D342FA796E8002C9A6D /* Project object */ = {
			isa = PBXProject;
			attributes = {
				BuildIndependentTargetsInParallel = 1;
				LastSwiftUpdateCheck = 2640;
				LastUpgradeCheck = 2640;
				TargetAttributes = {
					371C0D3B2FA796E8002C9A6D = {
						CreatedOnToolsVersion = 26.4.1;
					};
					371C0D482FA796EB002C9A6D = {
						CreatedOnToolsVersion = 26.4.1;
						TestTargetID = 371C0D3B2FA796E8002C9A6D;
					};
					371C0D522FA796EB002C9A6D = {
						CreatedOnToolsVersion = 26.4.1;
						TestTargetID = 371C0D3B2FA796E8002C9A6D;
					};
				};
			};
			buildConfigurationList = 371C0D372FA796E8002C9A6D /* Build configuration list for PBXProject "574" */;
			developmentRegion = en;
			hasScannedForEncodings = 0;
			knownRegions = (
				en,
				Base,
			);
			mainGroup = 371C0D332FA796E8002C9A6D;
			minimizedProjectReferenceProxies = 1;
			preferredProjectObjectVersion = 77;
			productRefGroup = 371C0D3D2FA796E8002C9A6D /* Products */;
			projectDirPath = "";
			projectRoot = "";
			targets = (
				371C0D3B2FA796E8002C9A6D /* 574 */,
				371C0D482FA796EB002C9A6D /* 574Tests */,
				371C0D522FA796EB002C9A6D /* 574UITests */,
			);
		};
/* End PBXProject section */

/* Begin PBXResourcesBuildPhase section */
		371C0D3A2FA796E8002C9A6D /* Resources */ = {
			isa = PBXResourcesBuildPhase;
			buildActionMask = 2147483647;
			files = (
			);
			runOnlyForDeploymentPostprocessing = 0;
		};
		371C0D472FA796EB002C9A6D /* Resources */ = {
			isa = PBXResourcesBuildPhase;
			buildActionMask = 2147483647;
			files = (
			);
			runOnlyForDeploymentPostprocessing = 0;
		};
		371C0D512FA796EB002C9A6D /* Resources */ = {
			isa = PBXResourcesBuildPhase;
			buildActionMask = 2147483647;
			files = (
			);
			runOnlyForDeploymentPostprocessing = 0;
		};
/* End PBXResourcesBuildPhase section */

/* Begin PBXSourcesBuildPhase section */
		371C0D382FA796E8002C9A6D /* Sources */ = {
			isa = PBXSourcesBuildPhase;
			buildActionMask = 2147483647;
			files = (
			);
			runOnlyForDeploymentPostprocessing = 0;
		};
		371C0D452FA796EB002C9A6D /* Sources */ = {
			isa = PBXSourcesBuildPhase;
			buildActionMask = 2147483647;
			files = (
			);
			runOnlyForDeploymentPostprocessing = 0;
		};
		371C0D4F2FA796EB002C9A6D /* Sources */ = {
			isa = PBXSourcesBuildPhase;
			buildActionMask = 2147483647;
			files = (
			);
			runOnlyForDeploymentPostprocessing = 0;
		};
/* End PBXSourcesBuildPhase section */

/* Begin PBXTargetDependency section */
		371C0D4B2FA796EB002C9A6D /* PBXTargetDependency */ = {
			isa = PBXTargetDependency;
			target = 371C0D3B2FA796E8002C9A6D /* 574 */;
			targetProxy = 371C0D4A2FA796EB002C9A6D /* PBXContainerItemProxy */;
		};
		371C0D552FA796EB002C9A6D /* PBXTargetDependency */ = {
			isa = PBXTargetDependency;
			target = 371C0D3B2FA796E8002C9A6D /* 574 */;
			targetProxy = 371C0D542FA796EB002C9A6D /* PBXContainerItemProxy */;
		};
/* End PBXTargetDependency section */

/* Begin XCBuildConfiguration section */
		371C0D5B2FA796EB002C9A6D /* Debug */ = {
			isa = XCBuildConfiguration;
			buildSettings = {
				ALWAYS_SEARCH_USER_PATHS = NO;
				ASSETCATALOG_COMPILER_GENERATE_SWIFT_ASSET_SYMBOL_EXTENSIONS = YES;
				CLANG_ANALYZER_NONNULL = YES;
				CLANG_ANALYZER_NUMBER_OBJECT_CONVERSION = YES_AGGRESSIVE;
				CLANG_CXX_LANGUAGE_STANDARD = "gnu++20";
				CLANG_ENABLE_MODULES = YES;
				CLANG_ENABLE_OBJC_ARC = YES;
				CLANG_ENABLE_OBJC_WEAK = YES;
				CLANG_WARN_BLOCK_CAPTURE_AUTORELEASING = YES;
				CLANG_WARN_BOOL_CONVERSION = YES;
				CLANG_WARN_COMMA = YES;
				CLANG_WARN_CONSTANT_CONVERSION = YES;
				CLANG_WARN_DEPRECATED_OBJC_IMPLEMENTATIONS = YES;
				CLANG_WARN_DIRECT_OBJC_ISA_USAGE = YES_ERROR;
				CLANG_WARN_DOCUMENTATION_COMMENTS = YES;
				CLANG_WARN_EMPTY_BODY = YES;
				CLANG_WARN_ENUM_CONVERSION = YES;
				CLANG_WARN_INFINITE_RECURSION = YES;
				CLANG_WARN_INT_CONVERSION = YES;
				CLANG_WARN_NON_LITERAL_NULL_CONVERSION = YES;
				CLANG_WARN_OBJC_IMPLICIT_RETAIN_SELF = YES;
				CLANG_WARN_OBJC_LITERAL_CONVERSION = YES;
				CLANG_WARN_OBJC_ROOT_CLASS = YES_ERROR;
				CLANG_WARN_QUOTED_INCLUDE_IN_FRAMEWORK_HEADER = YES;
				CLANG_WARN_RANGE_LOOP_ANALYSIS = YES;
				CLANG_WARN_STRICT_PROTOTYPES = YES;
				CLANG_WARN_SUSPICIOUS_MOVE = YES;
				CLANG_WARN_UNGUARDED_AVAILABILITY = YES_AGGRESSIVE;
				CLANG_WARN_UNREACHABLE_CODE = YES;
				CLANG_WARN__DUPLICATE_METHOD_MATCH = YES;
				COPY_PHASE_STRIP = NO;
				DEBUG_INFORMATION_FORMAT = dwarf;
				DEVELOPMENT_TEAM = 99S33YCFRB;
				ENABLE_STRICT_OBJC_MSGSEND = YES;
				ENABLE_TESTABILITY = YES;
				ENABLE_USER_SCRIPT_SANDBOXING = YES;
				GCC_C_LANGUAGE_STANDARD = gnu17;
				GCC_DYNAMIC_NO_PIC = NO;
				GCC_NO_COMMON_BLOCKS = YES;
				GCC_OPTIMIZATION_LEVEL = 0;
				GCC_PREPROCESSOR_DEFINITIONS = (
					"DEBUG=1",
					"$(inherited)",
				);
				GCC_WARN_64_TO_32_BIT_CONVERSION = YES;
				GCC_WARN_ABOUT_RETURN_TYPE = YES_ERROR;
				GCC_WARN_UNDECLARED_SELECTOR = YES;
				GCC_WARN_UNINITIALIZED_AUTOS = YES_AGGRESSIVE;
				GCC_WARN_UNUSED_FUNCTION = YES;
				GCC_WARN_UNUSED_VARIABLE = YES;
				LOCALIZATION_PREFERS_STRING_CATALOGS = YES;
				MACOSX_DEPLOYMENT_TARGET = 26.4;
				MTL_ENABLE_DEBUG_INFO = INCLUDE_SOURCE;
				MTL_FAST_MATH = YES;
				ONLY_ACTIVE_ARCH = YES;
				SDKROOT = macosx;
				SWIFT_ACTIVE_COMPILATION_CONDITIONS = "DEBUG $(inherited)";
				SWIFT_OPTIMIZATION_LEVEL = "-Onone";
			};
			name = Debug;
		};
		371C0D5C2FA796EB002C9A6D /* Release */ = {
			isa = XCBuildConfiguration;
			buildSettings = {
				ALWAYS_SEARCH_USER_PATHS = NO;
				ASSETCATALOG_COMPILER_GENERATE_SWIFT_ASSET_SYMBOL_EXTENSIONS = YES;
				CLANG_ANALYZER_NONNULL = YES;
				CLANG_ANALYZER_NUMBER_OBJECT_CONVERSION = YES_AGGRESSIVE;
				CLANG_CXX_LANGUAGE_STANDARD = "gnu++20";
				CLANG_ENABLE_MODULES = YES;
				CLANG_ENABLE_OBJC_ARC = YES;
				CLANG_ENABLE_OBJC_WEAK = YES;
				CLANG_WARN_BLOCK_CAPTURE_AUTORELEASING = YES;
				CLANG_WARN_BOOL_CONVERSION = YES;
				CLANG_WARN_COMMA = YES;
				CLANG_WARN_CONSTANT_CONVERSION = YES;
				CLANG_WARN_DEPRECATED_OBJC_IMPLEMENTATIONS = YES;
				CLANG_WARN_DIRECT_OBJC_ISA_USAGE = YES_ERROR;
				CLANG_WARN_DOCUMENTATION_COMMENTS = YES;
				CLANG_WARN_EMPTY_BODY = YES;
				CLANG_WARN_ENUM_CONVERSION = YES;
				CLANG_WARN_INFINITE_RECURSION = YES;
				CLANG_WARN_INT_CONVERSION = YES;
				CLANG_WARN_NON_LITERAL_NULL_CONVERSION = YES;
				CLANG_WARN_OBJC_IMPLICIT_RETAIN_SELF = YES;
				CLANG_WARN_OBJC_LITERAL_CONVERSION = YES;
				CLANG_WARN_OBJC_ROOT_CLASS = YES_ERROR;
				CLANG_WARN_QUOTED_INCLUDE_IN_FRAMEWORK_HEADER = YES;
				CLANG_WARN_RANGE_LOOP_ANALYSIS = YES;
				CLANG_WARN_STRICT_PROTOTYPES = YES;
				CLANG_WARN_SUSPICIOUS_MOVE = YES;
				CLANG_WARN_UNGUARDED_AVAILABILITY = YES_AGGRESSIVE;
				CLANG_WARN_UNREACHABLE_CODE = YES;
				CLANG_WARN__DUPLICATE_METHOD_MATCH = YES;
				COPY_PHASE_STRIP = NO;
				DEBUG_INFORMATION_FORMAT = "dwarf-with-dsym";
				DEVELOPMENT_TEAM = 99S33YCFRB;
				ENABLE_NS_ASSERTIONS = NO;
				ENABLE_STRICT_OBJC_MSGSEND = YES;
				ENABLE_USER_SCRIPT_SANDBOXING = YES;
				GCC_C_LANGUAGE_STANDARD = gnu17;
				GCC_NO_COMMON_BLOCKS = YES;
				GCC_WARN_64_TO_32_BIT_CONVERSION = YES;
				GCC_WARN_ABOUT_RETURN_TYPE = YES_ERROR;
				GCC_WARN_UNDECLARED_SELECTOR = YES;
				GCC_WARN_UNINITIALIZED_AUTOS = YES_AGGRESSIVE;
				GCC_WARN_UNUSED_FUNCTION = YES;
				GCC_WARN_UNUSED_VARIABLE = YES;
				LOCALIZATION_PREFERS_STRING_CATALOGS = YES;
				MACOSX_DEPLOYMENT_TARGET = 26.4;
				MTL_ENABLE_DEBUG_INFO = NO;
				MTL_FAST_MATH = YES;
				SDKROOT = macosx;
				SWIFT_COMPILATION_MODE = wholemodule;
			};
			name = Release;
		};
		371C0D5E2FA796EB002C9A6D /* Debug */ = {
			isa = XCBuildConfiguration;
			buildSettings = {
				ASSETCATALOG_COMPILER_APPICON_NAME = AppIcon;
				ASSETCATALOG_COMPILER_GLOBAL_ACCENT_COLOR_NAME = AccentColor;
				CODE_SIGN_ENTITLEMENTS = 574/574.entitlements;
				CODE_SIGN_STYLE = Automatic;
				COMBINE_HIDPI_IMAGES = YES;
				CURRENT_PROJECT_VERSION = 1;
				DEVELOPMENT_TEAM = 99S33YCFRB;
				ENABLE_APP_SANDBOX = YES;
				ENABLE_HARDENED_RUNTIME = YES;
				ENABLE_INCOMING_NETWORK_CONNECTIONS = NO;
				ENABLE_OUTGOING_NETWORK_CONNECTIONS = YES;
				ENABLE_PREVIEWS = YES;
				ENABLE_RESOURCE_ACCESS_AUDIO_INPUT = NO;
				ENABLE_RESOURCE_ACCESS_BLUETOOTH = NO;
				ENABLE_RESOURCE_ACCESS_CALENDARS = YES;
				ENABLE_RESOURCE_ACCESS_CAMERA = NO;
				ENABLE_RESOURCE_ACCESS_CONTACTS = NO;
				ENABLE_RESOURCE_ACCESS_LOCATION = NO;
				ENABLE_RESOURCE_ACCESS_PRINTING = NO;
				ENABLE_RESOURCE_ACCESS_USB = NO;
				ENABLE_USER_SELECTED_FILES = readonly;
				GENERATE_INFOPLIST_FILE = YES;
				INFOPLIST_FILE = "-74-Info.plist";
				INFOPLIST_KEY_CFBundleDisplayName = "";
				INFOPLIST_KEY_LSApplicationCategoryType = "";
				INFOPLIST_KEY_NSCalendarsFullAccessUsageDescription = "574 links events from your notes directly to your Calendar so you can schedule them without leaving your notes.";
				INFOPLIST_KEY_NSContactsUsageDescription = "574 can link notes to people in your Contacts for context.";
				INFOPLIST_KEY_NSHumanReadableCopyright = "Copyright © 2026 TrueNorthTactics. All rights reserved.";
				INFOPLIST_KEY_NSMicrophoneUsageDescription = "574 uses the microphone for voice memos and audio attachments.";
				INFOPLIST_KEY_NSPhotoLibraryUsageDescription = "574 can attach photos from your library directly to your notes.";
				INFOPLIST_KEY_NSRemindersFullAccessUsageDescription = "574 links action items from your notes directly to the system Reminders app so you never miss a deadline.";
				INFOPLIST_KEY_NSSpeechRecognitionUsageDescription = "574 uses speech recognition so you can dictate notes hands-free.";
				LD_RUNPATH_SEARCH_PATHS = (
					"$(inherited)",
					"@executable_path/../Frameworks",
				);
				MARKETING_VERSION = 1.0;
				PRODUCT_BUNDLE_IDENTIFIER = "com.tnt.-74";
				PRODUCT_NAME = "$(TARGET_NAME)";
				REGISTER_APP_GROUPS = YES;
				STRING_CATALOG_GENERATE_SYMBOLS = YES;
				SWIFT_APPROACHABLE_CONCURRENCY = YES;
				SWIFT_DEFAULT_ACTOR_ISOLATION = MainActor;
				SWIFT_EMIT_LOC_STRINGS = YES;
				SWIFT_UPCOMING_FEATURE_MEMBER_IMPORT_VISIBILITY = YES;
				SWIFT_VERSION = 5.0;
			};
			name = Debug;
		};
		371C0D5F2FA796EB002C9A6D /* Release */ = {
			isa = XCBuildConfiguration;
			buildSettings = {
				ASSETCATALOG_COMPILER_APPICON_NAME = AppIcon;
				ASSETCATALOG_COMPILER_GLOBAL_ACCENT_COLOR_NAME = AccentColor;
				CODE_SIGN_ENTITLEMENTS = 574/574.entitlements;
				CODE_SIGN_STYLE = Automatic;
				COMBINE_HIDPI_IMAGES = YES;
				CURRENT_PROJECT_VERSION = 1;
				DEVELOPMENT_TEAM = 99S33YCFRB;
				ENABLE_APP_SANDBOX = YES;
				ENABLE_HARDENED_RUNTIME = YES;
				ENABLE_INCOMING_NETWORK_CONNECTIONS = NO;
				ENABLE_OUTGOING_NETWORK_CONNECTIONS = YES;
				ENABLE_PREVIEWS = YES;
				ENABLE_RESOURCE_ACCESS_AUDIO_INPUT = NO;
				ENABLE_RESOURCE_ACCESS_BLUETOOTH = NO;
				ENABLE_RESOURCE_ACCESS_CALENDARS = YES;
				ENABLE_RESOURCE_ACCESS_CAMERA = NO;
				ENABLE_RESOURCE_ACCESS_CONTACTS = NO;
				ENABLE_RESOURCE_ACCESS_LOCATION = NO;
				ENABLE_RESOURCE_ACCESS_PRINTING = NO;
				ENABLE_RESOURCE_ACCESS_USB = NO;
				ENABLE_USER_SELECTED_FILES = readonly;
				GENERATE_INFOPLIST_FILE = YES;
				INFOPLIST_FILE = "-74-Info.plist";
				INFOPLIST_KEY_CFBundleDisplayName = "";
				INFOPLIST_KEY_LSApplicationCategoryType = "";
				INFOPLIST_KEY_NSCalendarsFullAccessUsageDescription = "574 links events from your notes directly to your Calendar so you can schedule them without leaving your notes.";
				INFOPLIST_KEY_NSContactsUsageDescription = "574 can link notes to people in your Contacts for context.";
				INFOPLIST_KEY_NSHumanReadableCopyright = "Copyright © 2026 TrueNorthTactics. All rights reserved.";
				INFOPLIST_KEY_NSMicrophoneUsageDescription = "574 uses the microphone for voice memos and audio attachments.";
				INFOPLIST_KEY_NSPhotoLibraryUsageDescription = "574 can attach photos from your library directly to your notes.";
				INFOPLIST_KEY_NSRemindersFullAccessUsageDescription = "574 links action items from your notes directly to the system Reminders app so you never miss a deadline.";
				INFOPLIST_KEY_NSSpeechRecognitionUsageDescription = "574 uses speech recognition so you can dictate notes hands-free.";
				LD_RUNPATH_SEARCH_PATHS = (
					"$(inherited)",
					"@executable_path/../Frameworks",
				);
				MARKETING_VERSION = 1.0;
				PRODUCT_BUNDLE_IDENTIFIER = "com.tnt.-74";
				PRODUCT_NAME = "$(TARGET_NAME)";
				REGISTER_APP_GROUPS = YES;
				STRING_CATALOG_GENERATE_SYMBOLS = YES;
				SWIFT_APPROACHABLE_CONCURRENCY = YES;
				SWIFT_DEFAULT_ACTOR_ISOLATION = MainActor;
				SWIFT_EMIT_LOC_STRINGS = YES;
				SWIFT_UPCOMING_FEATURE_MEMBER_IMPORT_VISIBILITY = YES;
				SWIFT_VERSION = 5.0;
			};
			name = Release;
		};
		371C0D612FA796EB002C9A6D /* Debug */ = {
			isa = XCBuildConfiguration;
			buildSettings = {
				BUNDLE_LOADER = "$(TEST_HOST)";
				CODE_SIGN_STYLE = Automatic;
				CURRENT_PROJECT_VERSION = 1;
				DEVELOPMENT_TEAM = 99S33YCFRB;
				GENERATE_INFOPLIST_FILE = YES;
				MACOSX_DEPLOYMENT_TARGET = 26.4;
				MARKETING_VERSION = 1.0;
				PRODUCT_BUNDLE_IDENTIFIER = "com.tnt.-74Tests";
				PRODUCT_NAME = "$(TARGET_NAME)";
				STRING_CATALOG_GENERATE_SYMBOLS = NO;
				SWIFT_APPROACHABLE_CONCURRENCY = YES;
				SWIFT_EMIT_LOC_STRINGS = NO;
				SWIFT_UPCOMING_FEATURE_MEMBER_IMPORT_VISIBILITY = YES;
				SWIFT_VERSION = 5.0;
				TEST_HOST = "$(BUILT_PRODUCTS_DIR)/574.app/$(BUNDLE_EXECUTABLE_FOLDER_PATH)/574";
			};
			name = Debug;
		};
		371C0D622FA796EB002C9A6D /* Release */ = {
			isa = XCBuildConfiguration;
			buildSettings = {
				BUNDLE_LOADER = "$(TEST_HOST)";
				CODE_SIGN_STYLE = Automatic;
				CURRENT_PROJECT_VERSION = 1;
				DEVELOPMENT_TEAM = 99S33YCFRB;
				GENERATE_INFOPLIST_FILE = YES;
				MACOSX_DEPLOYMENT_TARGET = 26.4;
				MARKETING_VERSION = 1.0;
				PRODUCT_BUNDLE_IDENTIFIER = "com.tnt.-74Tests";
				PRODUCT_NAME = "$(TARGET_NAME)";
				STRING_CATALOG_GENERATE_SYMBOLS = NO;
				SWIFT_APPROACHABLE_CONCURRENCY = YES;
				SWIFT_EMIT_LOC_STRINGS = NO;
				SWIFT_UPCOMING_FEATURE_MEMBER_IMPORT_VISIBILITY = YES;
				SWIFT_VERSION = 5.0;
				TEST_HOST = "$(BUILT_PRODUCTS_DIR)/574.app/$(BUNDLE_EXECUTABLE_FOLDER_PATH)/574";
			};
			name = Release;
		};
		371C0D642FA796EB002C9A6D /* Debug */ = {
			isa = XCBuildConfiguration;
			buildSettings = {
				CODE_SIGN_STYLE = Automatic;
				CURRENT_PROJECT_VERSION = 1;
				DEVELOPMENT_TEAM = 99S33YCFRB;
				GENERATE_INFOPLIST_FILE = YES;
				MARKETING_VERSION = 1.0;
				PRODUCT_BUNDLE_IDENTIFIER = "com.tnt.-74UITests";
				PRODUCT_NAME = "$(TARGET_NAME)";
				STRING_CATALOG_GENERATE_SYMBOLS = NO;
				SWIFT_APPROACHABLE_CONCURRENCY = YES;
				SWIFT_EMIT_LOC_STRINGS = NO;
				SWIFT_UPCOMING_FEATURE_MEMBER_IMPORT_VISIBILITY = YES;
				SWIFT_VERSION = 5.0;
				TEST_TARGET_NAME = 574;
			};
			name = Debug;
		};
		371C0D652FA796EB002C9A6D /* Release */ = {
			isa = XCBuildConfiguration;
			buildSettings = {
				CODE_SIGN_STYLE = Automatic;
				CURRENT_PROJECT_VERSION = 1;
				DEVELOPMENT_TEAM = 99S33YCFRB;
				GENERATE_INFOPLIST_FILE = YES;
				MARKETING_VERSION = 1.0;
				PRODUCT_BUNDLE_IDENTIFIER = "com.tnt.-74UITests";
				PRODUCT_NAME = "$(TARGET_NAME)";
				STRING_CATALOG_GENERATE_SYMBOLS = NO;
				SWIFT_APPROACHABLE_CONCURRENCY = YES;
				SWIFT_EMIT_LOC_STRINGS = NO;
				SWIFT_UPCOMING_FEATURE_MEMBER_IMPORT_VISIBILITY = YES;
				SWIFT_VERSION = 5.0;
				TEST_TARGET_NAME = 574;
			};
			name = Release;
		};
/* End XCBuildConfiguration section */

/* Begin XCConfigurationList section */
		371C0D372FA796E8002C9A6D /* Build configuration list for PBXProject "574" */ = {
			isa = XCConfigurationList;
			buildConfigurations = (
				371C0D5B2FA796EB002C9A6D /* Debug */,
				371C0D5C2FA796EB002C9A6D /* Release */,
			);
			defaultConfigurationIsVisible = 0;
			defaultConfigurationName = Release;
		};
		371C0D5D2FA796EB002C9A6D /* Build configuration list for PBXNativeTarget "574" */ = {
			isa = XCConfigurationList;
			buildConfigurations = (
				371C0D5E2FA796EB002C9A6D /* Debug */,
				371C0D5F2FA796EB002C9A6D /* Release */,
			);
			defaultConfigurationIsVisible = 0;
			defaultConfigurationName = Release;
		};
		371C0D602FA796EB002C9A6D /* Build configuration list for PBXNativeTarget "574Tests" */ = {
			isa = XCConfigurationList;
			buildConfigurations = (
				371C0D612FA796EB002C9A6D /* Debug */,
				371C0D622FA796EB002C9A6D /* Release */,
			);
			defaultConfigurationIsVisible = 0;
			defaultConfigurationName = Release;
		};
		371C0D632FA796EB002C9A6D /* Build configuration list for PBXNativeTarget "574UITests" */ = {
			isa = XCConfigurationList;
			buildConfigurations = (
				371C0D642FA796EB002C9A6D /* Debug */,
				371C0D652FA796EB002C9A6D /* Release */,
			);
			defaultConfigurationIsVisible = 0;
			defaultConfigurationName = Release;
		};
/* End XCConfigurationList section */
	};
	rootObject = 371C0D342FA796E8002C9A6D /* Project object */;
}
